
Microsoft Visual Studio Solution File, Format Version 12.00
# Visual Studio Version 17
VisualStudioVersion = 17.10.35013.160
MinimumVisualStudioVersion = 10.0.40219.1
Project("{FAE04EC0-301F-11D3-BF4B-00C04F79EFBC}") = "Kurs_Tareeva_A_A_23VP2", "Kurs_Tareeva_A_A_23VP2.csproj", "{BAA5E7EA-7957-486B-8F61-AAAC5C09C83A}"
EndProject
Global
	GlobalSection(SolutionConfigurationPlatforms) = preSolution
		Debug|Any CPU = Debug|Any CPU
		Release|Any CPU = Release|Any CPU
	EndGlobalSection
	GlobalSection(ProjectConfigurationPlatforms) = postSolution
		{BAA5E7EA-7957-486B-8F61-AAAC5C09C83A}.Debug|Any CPU.ActiveCfg = Debug|Any CPU
		{BAA5E7EA-7957-486B-8F61-AAAC5C09C83A}.Debug|Any CPU.Build.0 = Debug|Any CPU
		{BAA5E7EA-7957-486B-8F61-AAAC5C09C83A}.Release|Any CPU.ActiveCfg = Release|Any CPU
		{BAA5E7EA-7957-486B-8F61-AAAC5C09C83A}.Release|Any CPU.Build.0 = Release|Any CPU
	EndGlobalSection
	GlobalSection(SolutionProperties) = preSolution
		HideSolutionNode = FALSE
	EndGlobalSection
	GlobalSection(ExtensibilityGlobals) = postSolution
		SolutionGuid = {054FB9C9-B2BD-44B3-8377-EEC98A42D7B1}
	EndGlobalSection
EndGlobal
